
Microsoft Visual Studio Solution File, Format Version 12.00
# Visual Studio 2013
VisualStudioVersion = 12.0.30110.0
MinimumVisualStudioVersion = 10.0.40219.1
Project("{FAE04EC0-301F-11D3-BF4B-00C04F79EFBC}") = "resharper-clippy.8.1", "resharper-clippy\resharper-clippy.8.1.csproj", "{FF0A0659-8C1A-4CA3-8C95-12D3500C9BD7}"
EndProject
Project("{FAE04EC0-301F-11D3-BF4B-00C04F79EFBC}") = "TestHarness", "TestHarness\TestHarness.csproj", "{34AD8ADD-E0D1-4766-97A8-92E3D407392E}"
EndProject
Project("{FAE04EC0-301F-11D3-BF4B-00C04F79EFBC}") = "resharper-clippy.8.2", "resharper-clippy\resharper-clippy.8.2.csproj", "{1E1AFCFF-452E-4E82-8446-3510D9589EEE}"
EndProject
Project("{2150E333-8FDC-42A3-9474-1A3956D46DE8}") = "Solution Items", "Solution Items", "{93260EE6-6E78-49C6-BF55-BF41DB4D130B}"
	ProjectSection(SolutionItems) = preProject
		..\install\resharper-clippy.nuspec = ..\install\resharper-clippy.nuspec
	EndProjectSection
EndProject
Global
	GlobalSection(SolutionConfigurationPlatforms) = preSolution
		Debug|Any CPU = Debug|Any CPU
		Release|Any CPU = Release|Any CPU
	EndGlobalSection
	GlobalSection(ProjectConfigurationPlatforms) = postSolution
		{FF0A0659-8C1A-4CA3-8C95-12D3500C9BD7}.Debug|Any CPU.ActiveCfg = Debug|Any CPU
		{FF0A0659-8C1A-4CA3-8C95-12D3500C9BD7}.Debug|Any CPU.Build.0 = Debug|Any CPU
		{FF0A0659-8C1A-4CA3-8C95-12D3500C9BD7}.Release|Any CPU.ActiveCfg = Release|Any CPU
		{FF0A0659-8C1A-4CA3-8C95-12D3500C9BD7}.Release|Any CPU.Build.0 = Release|Any CPU
		{34AD8ADD-E0D1-4766-97A8-92E3D407392E}.Debug|Any CPU.ActiveCfg = Debug|Any CPU
		{34AD8ADD-E0D1-4766-97A8-92E3D407392E}.Debug|Any CPU.Build.0 = Debug|Any CPU
		{34AD8ADD-E0D1-4766-97A8-92E3D407392E}.Release|Any CPU.ActiveCfg = Release|Any CPU
		{34AD8ADD-E0D1-4766-97A8-92E3D407392E}.Release|Any CPU.Build.0 = Release|Any CPU
		{1E1AFCFF-452E-4E82-8446-3510D9589EEE}.Debug|Any CPU.ActiveCfg = Debug|Any CPU
		{1E1AFCFF-452E-4E82-8446-3510D9589EEE}.Debug|Any CPU.Build.0 = Debug|Any CPU
		{1E1AFCFF-452E-4E82-8446-3510D9589EEE}.Release|Any CPU.ActiveCfg = Release|Any CPU
		{1E1AFCFF-452E-4E82-8446-3510D9589EEE}.Release|Any CPU.Build.0 = Release|Any CPU
	EndGlobalSection
	GlobalSection(SolutionProperties) = preSolution
		HideSolutionNode = FALSE
	EndGlobalSection
EndGlobal
